
Microsoft Visual Studio Solution File, Format Version 12.00
# Visual Studio Version 17
VisualStudioVersion = 17.14.36301.6 d17.14
MinimumVisualStudioVersion = 10.0.40219.1
Project("{FAE04EC0-301F-11D3-BF4B-00C04F79EFBC}") = "AutoNext.Platform.AccessControl.API", "AutoNext.Platform.AccessControl.API\AutoNext.Platform.AccessControl.API.csproj", "{44B5C451-68E9-41BD-A04E-09C4B4E1A465}"
EndProject
Global
	GlobalSection(SolutionConfigurationPlatforms) = preSolution
		Debug|Any CPU = Debug|Any CPU
		Release|Any CPU = Release|Any CPU
	EndGlobalSection
	GlobalSection(ProjectConfigurationPlatforms) = postSolution
		{44B5C451-68E9-41BD-A04E-09C4B4E1A465}.Debug|Any CPU.ActiveCfg = Debug|Any CPU
		{44B5C451-68E9-41BD-A04E-09C4B4E1A465}.Debug|Any CPU.Build.0 = Debug|Any CPU
		{44B5C451-68E9-41BD-A04E-09C4B4E1A465}.Release|Any CPU.ActiveCfg = Release|Any CPU
		{44B5C451-68E9-41BD-A04E-09C4B4E1A465}.Release|Any CPU.Build.0 = Release|Any CPU
	EndGlobalSection
	GlobalSection(SolutionProperties) = preSolution
		HideSolutionNode = FALSE
	EndGlobalSection
	GlobalSection(ExtensibilityGlobals) = postSolution
		SolutionGuid = {1B6C9D8A-F002-4866-8105-7FE1C84166D1}
	EndGlobalSection
EndGlobal
